
Microsoft Visual Studio Solution File, Format Version 12.00
# Visual Studio 15
VisualStudioVersion = 15.0.28307.572
MinimumVisualStudioVersion = 10.0.40219.1
Project("{FAE04EC0-301F-11D3-BF4B-00C04F79EFBC}") = "Charp-Tips-Traps", "Demos\Charp-Tips-Traps.csproj", "{74405D69-CA13-4377-9AC2-4D62DA1F1708}"
EndProject
Project("{FAE04EC0-301F-11D3-BF4B-00C04F79EFBC}") = "SomeInternalThings", "SomeInternalThings\SomeInternalThings.csproj", "{88B2B46A-D8CB-4BB2-AF88-3ACA87041681}"
EndProject
Project("{FAE04EC0-301F-11D3-BF4B-00C04F79EFBC}") = "ConsoleCar", "ConsoleCar\ConsoleCar.csproj", "{9DC778BC-5697-49B4-BF54-042960394FBD}"
EndProject
Project("{FAE04EC0-301F-11D3-BF4B-00C04F79EFBC}") = "SomeOptionalParamThings", "SomeOptionalParamThings\SomeOptionalParamThings.csproj", "{D8A80591-400F-4A2F-9974-4A0BA83A3D34}"
EndProject
Project("{FAE04EC0-301F-11D3-BF4B-00C04F79EFBC}") = "Demos4", "Demos4\Demos4.csproj", "{FBF06962-C3B0-43FA-B264-464DA1395B25}"
EndProject
Project("{FAE04EC0-301F-11D3-BF4B-00C04F79EFBC}") = "ReplacingTemporaryCollectionsWithYield", "ReplacingTemporaryCollectionsWithYield\ReplacingTemporaryCollectionsWithYield.csproj", "{21C25DDD-5BB1-4674-859A-46C8484A80FA}"
EndProject
Project("{FAE04EC0-301F-11D3-BF4B-00C04F79EFBC}") = "RepresentingArbitrarilyLargeIntegerValues", "RepresentingArbitrarilyLargeIntegerValues\RepresentingArbitrarilyLargeIntegerValues.csproj", "{BD832330-920E-407C-9BE1-04F1AF0570C7}"
EndProject
Project("{FAE04EC0-301F-11D3-BF4B-00C04F79EFBC}") = "CreatingAndUsingCustomFormatProvidersToRemoveBadWord", "CreatingAndUsingCustomFormatProvidersToRemoveBadWord\CreatingAndUsingCustomFormatProvidersToRemoveBadWord.csproj", "{8F71099B-BCCC-4008-AFA9-2D6EE73A6A8D}"
EndProject
Project("{FAE04EC0-301F-11D3-BF4B-00C04F79EFBC}") = "FormattingAndAligningValuesIntoColumns", "FormattingAndAligningValuesIntoColumns\FormattingAndAligningValuesIntoColumns.csproj", "{52C08BF7-28B7-4145-BCF7-D5E9A46E5B8C}"
EndProject
Project("{FAE04EC0-301F-11D3-BF4B-00C04F79EFBC}") = "MakeWorkingWithPathsEasier", "MakeWorkingWithPathsEasier\MakeWorkingWithPathsEasier.csproj", "{79278CF0-63D0-4F45-A218-2A66A21760FD}"
EndProject
Project("{FAE04EC0-301F-11D3-BF4B-00C04F79EFBC}") = "SpecifyMethodsThatTakeAnArbitraryNumberOfArguments", "SpecifyMethodsThatTakeAnArbitraryNumberOfArguments\SpecifyMethodsThatTakeAnArbitraryNumberOfArguments.csproj", "{D09FD195-1ECA-43EB-9454-F561AC50A97C}"
EndProject
Global
	GlobalSection(SolutionConfigurationPlatforms) = preSolution
		Debug|Any CPU = Debug|Any CPU
		Release|Any CPU = Release|Any CPU
	EndGlobalSection
	GlobalSection(ProjectConfigurationPlatforms) = postSolution
		{74405D69-CA13-4377-9AC2-4D62DA1F1708}.Debug|Any CPU.ActiveCfg = Debug|Any CPU
		{74405D69-CA13-4377-9AC2-4D62DA1F1708}.Debug|Any CPU.Build.0 = Debug|Any CPU
		{74405D69-CA13-4377-9AC2-4D62DA1F1708}.Release|Any CPU.ActiveCfg = Release|Any CPU
		{74405D69-CA13-4377-9AC2-4D62DA1F1708}.Release|Any CPU.Build.0 = Release|Any CPU
		{88B2B46A-D8CB-4BB2-AF88-3ACA87041681}.Debug|Any CPU.ActiveCfg = Debug|Any CPU
		{88B2B46A-D8CB-4BB2-AF88-3ACA87041681}.Debug|Any CPU.Build.0 = Debug|Any CPU
		{88B2B46A-D8CB-4BB2-AF88-3ACA87041681}.Release|Any CPU.ActiveCfg = Release|Any CPU
		{88B2B46A-D8CB-4BB2-AF88-3ACA87041681}.Release|Any CPU.Build.0 = Release|Any CPU
		{9DC778BC-5697-49B4-BF54-042960394FBD}.Debug|Any CPU.ActiveCfg = Debug|Any CPU
		{9DC778BC-5697-49B4-BF54-042960394FBD}.Debug|Any CPU.Build.0 = Debug|Any CPU
		{9DC778BC-5697-49B4-BF54-042960394FBD}.Release|Any CPU.ActiveCfg = Release|Any CPU
		{9DC778BC-5697-49B4-BF54-042960394FBD}.Release|Any CPU.Build.0 = Release|Any CPU
		{D8A80591-400F-4A2F-9974-4A0BA83A3D34}.Debug|Any CPU.ActiveCfg = Debug|Any CPU
		{D8A80591-400F-4A2F-9974-4A0BA83A3D34}.Debug|Any CPU.Build.0 = Debug|Any CPU
		{D8A80591-400F-4A2F-9974-4A0BA83A3D34}.Release|Any CPU.ActiveCfg = Release|Any CPU
		{D8A80591-400F-4A2F-9974-4A0BA83A3D34}.Release|Any CPU.Build.0 = Release|Any CPU
		{FBF06962-C3B0-43FA-B264-464DA1395B25}.Debug|Any CPU.ActiveCfg = Debug|Any CPU
		{FBF06962-C3B0-43FA-B264-464DA1395B25}.Debug|Any CPU.Build.0 = Debug|Any CPU
		{FBF06962-C3B0-43FA-B264-464DA1395B25}.Release|Any CPU.ActiveCfg = Release|Any CPU
		{FBF06962-C3B0-43FA-B264-464DA1395B25}.Release|Any CPU.Build.0 = Release|Any CPU
		{21C25DDD-5BB1-4674-859A-46C8484A80FA}.Debug|Any CPU.ActiveCfg = Debug|Any CPU
		{21C25DDD-5BB1-4674-859A-46C8484A80FA}.Debug|Any CPU.Build.0 = Debug|Any CPU
		{21C25DDD-5BB1-4674-859A-46C8484A80FA}.Release|Any CPU.ActiveCfg = Release|Any CPU
		{21C25DDD-5BB1-4674-859A-46C8484A80FA}.Release|Any CPU.Build.0 = Release|Any CPU
		{BD832330-920E-407C-9BE1-04F1AF0570C7}.Debug|Any CPU.ActiveCfg = Debug|Any CPU
		{BD832330-920E-407C-9BE1-04F1AF0570C7}.Debug|Any CPU.Build.0 = Debug|Any CPU
		{BD832330-920E-407C-9BE1-04F1AF0570C7}.Release|Any CPU.ActiveCfg = Release|Any CPU
		{BD832330-920E-407C-9BE1-04F1AF0570C7}.Release|Any CPU.Build.0 = Release|Any CPU
		{8F71099B-BCCC-4008-AFA9-2D6EE73A6A8D}.Debug|Any CPU.ActiveCfg = Debug|Any CPU
		{8F71099B-BCCC-4008-AFA9-2D6EE73A6A8D}.Debug|Any CPU.Build.0 = Debug|Any CPU
		{8F71099B-BCCC-4008-AFA9-2D6EE73A6A8D}.Release|Any CPU.ActiveCfg = Release|Any CPU
		{8F71099B-BCCC-4008-AFA9-2D6EE73A6A8D}.Release|Any CPU.Build.0 = Release|Any CPU
		{52C08BF7-28B7-4145-BCF7-D5E9A46E5B8C}.Debug|Any CPU.ActiveCfg = Debug|Any CPU
		{52C08BF7-28B7-4145-BCF7-D5E9A46E5B8C}.Debug|Any CPU.Build.0 = Debug|Any CPU
		{52C08BF7-28B7-4145-BCF7-D5E9A46E5B8C}.Release|Any CPU.ActiveCfg = Release|Any CPU
		{52C08BF7-28B7-4145-BCF7-D5E9A46E5B8C}.Release|Any CPU.Build.0 = Release|Any CPU
		{79278CF0-63D0-4F45-A218-2A66A21760FD}.Debug|Any CPU.ActiveCfg = Debug|Any CPU
		{79278CF0-63D0-4F45-A218-2A66A21760FD}.Debug|Any CPU.Build.0 = Debug|Any CPU
		{79278CF0-63D0-4F45-A218-2A66A21760FD}.Release|Any CPU.ActiveCfg = Release|Any CPU
		{79278CF0-63D0-4F45-A218-2A66A21760FD}.Release|Any CPU.Build.0 = Release|Any CPU
		{D09FD195-1ECA-43EB-9454-F561AC50A97C}.Debug|Any CPU.ActiveCfg = Debug|Any CPU
		{D09FD195-1ECA-43EB-9454-F561AC50A97C}.Debug|Any CPU.Build.0 = Debug|Any CPU
		{D09FD195-1ECA-43EB-9454-F561AC50A97C}.Release|Any CPU.ActiveCfg = Release|Any CPU
		{D09FD195-1ECA-43EB-9454-F561AC50A97C}.Release|Any CPU.Build.0 = Release|Any CPU
	EndGlobalSection
	GlobalSection(SolutionProperties) = preSolution
		HideSolutionNode = FALSE
	EndGlobalSection
	GlobalSection(ExtensibilityGlobals) = postSolution
		SolutionGuid = {A32E1F41-3744-42D5-B886-54251E3CC604}
	EndGlobalSection
EndGlobal
